
Microsoft Visual Studio Solution File, Format Version 12.00
# Visual Studio Version 16
VisualStudioVersion = 16.0.33130.400
MinimumVisualStudioVersion = 10.0.40219.1
Project("{FAE04EC0-301F-11D3-BF4B-00C04F79EFBC}") = "Battleships", "Battleships.csproj", "{06B40537-E5B4-49B8-B7B2-593FB301103E}"
EndProject
Global
	GlobalSection(SolutionConfigurationPlatforms) = preSolution
		Debug|Any CPU = Debug|Any CPU
		Release|Any CPU = Release|Any CPU
	EndGlobalSection
	GlobalSection(ProjectConfigurationPlatforms) = postSolution
		{06B40537-E5B4-49B8-B7B2-593FB301103E}.Debug|Any CPU.ActiveCfg = Debug|Any CPU
		{06B40537-E5B4-49B8-B7B2-593FB301103E}.Debug|Any CPU.Build.0 = Debug|Any CPU
		{06B40537-E5B4-49B8-B7B2-593FB301103E}.Release|Any CPU.ActiveCfg = Release|Any CPU
		{06B40537-E5B4-49B8-B7B2-593FB301103E}.Release|Any CPU.Build.0 = Release|Any CPU
	EndGlobalSection
	GlobalSection(SolutionProperties) = preSolution
		HideSolutionNode = FALSE
	EndGlobalSection
	GlobalSection(ExtensibilityGlobals) = postSolution
		SolutionGuid = {A901E974-40FC-4295-BF95-BAA9227BA24A}
	EndGlobalSection
EndGlobal
